
Microsoft Visual Studio Solution File, Format Version 12.00
# Visual Studio Version 17
VisualStudioVersion = 17.12.35527.113
MinimumVisualStudioVersion = 10.0.40219.1
Project("{FAE04EC0-301F-11D3-BF4B-00C04F79EFBC}") = "Demo", "Demo\Demo.csproj", "{1C9770A9-5BB4-4A3B-B606-9434A0CCB414}"
EndProject
Project("{FAE04EC0-301F-11D3-BF4B-00C04F79EFBC}") = "Assig04", "Assig04\Assig04.csproj", "{94973C41-DF6E-4299-8DEE-2B410F94523B}"
EndProject
Global
	GlobalSection(SolutionConfigurationPlatforms) = preSolution
		Debug|Any CPU = Debug|Any CPU
		Release|Any CPU = Release|Any CPU
	EndGlobalSection
	GlobalSection(ProjectConfigurationPlatforms) = postSolution
		{1C9770A9-5BB4-4A3B-B606-9434A0CCB414}.Debug|Any CPU.ActiveCfg = Debug|Any CPU
		{1C9770A9-5BB4-4A3B-B606-9434A0CCB414}.Debug|Any CPU.Build.0 = Debug|Any CPU
		{1C9770A9-5BB4-4A3B-B606-9434A0CCB414}.Release|Any CPU.ActiveCfg = Release|Any CPU
		{1C9770A9-5BB4-4A3B-B606-9434A0CCB414}.Release|Any CPU.Build.0 = Release|Any CPU
		{94973C41-DF6E-4299-8DEE-2B410F94523B}.Debug|Any CPU.ActiveCfg = Debug|Any CPU
		{94973C41-DF6E-4299-8DEE-2B410F94523B}.Debug|Any CPU.Build.0 = Debug|Any CPU
		{94973C41-DF6E-4299-8DEE-2B410F94523B}.Release|Any CPU.ActiveCfg = Release|Any CPU
		{94973C41-DF6E-4299-8DEE-2B410F94523B}.Release|Any CPU.Build.0 = Release|Any CPU
	EndGlobalSection
	GlobalSection(SolutionProperties) = preSolution
		HideSolutionNode = FALSE
	EndGlobalSection
EndGlobal
